
Microsoft Visual Studio Solution File, Format Version 12.00
# Visual Studio Version 17
VisualStudioVersion = 17.14.36623.8 d17.14
MinimumVisualStudioVersion = 10.0.40219.1
Project("{8BC9CEB8-8B4A-11D0-8D11-00A0C91BC942}") = "Vulkan-clean", "Vulkan-clean.vcxproj", "{D91EE063-C76B-4E70-B087-0892A92655B7}"
EndProject
Global
	GlobalSection(SolutionConfigurationPlatforms) = preSolution
		Debug|x64 = Debug|x64
		Debug|x86 = Debug|x86
		Release|x64 = Release|x64
		Release|x86 = Release|x86
	EndGlobalSection
	GlobalSection(ProjectConfigurationPlatforms) = postSolution
		{D91EE063-C76B-4E70-B087-0892A92655B7}.Debug|x64.ActiveCfg = Debug|x64
		{D91EE063-C76B-4E70-B087-0892A92655B7}.Debug|x64.Build.0 = Debug|x64
		{D91EE063-C76B-4E70-B087-0892A92655B7}.Debug|x86.ActiveCfg = Debug|Win32
		{D91EE063-C76B-4E70-B087-0892A92655B7}.Debug|x86.Build.0 = Debug|Win32
		{D91EE063-C76B-4E70-B087-0892A92655B7}.Release|x64.ActiveCfg = Release|x64
		{D91EE063-C76B-4E70-B087-0892A92655B7}.Release|x64.Build.0 = Release|x64
		{D91EE063-C76B-4E70-B087-0892A92655B7}.Release|x86.ActiveCfg = Release|Win32
		{D91EE063-C76B-4E70-B087-0892A92655B7}.Release|x86.Build.0 = Release|Win32
	EndGlobalSection
	GlobalSection(SolutionProperties) = preSolution
		HideSolutionNode = FALSE
	EndGlobalSection
	GlobalSection(ExtensibilityGlobals) = postSolution
		SolutionGuid = {EA690300-E67F-44B2-9F1F-E79CE4DAD4C7}
	EndGlobalSection
EndGlobal
