<?xml version="1.0" encoding="utf-8"?>
<Project ToolsVersion="4.0" xmlns="http://schemas.microsoft.com/developer/msbuild/2003">
  <ItemGroup>
    <Filter Include="Source Files">
      <UniqueIdentifier>{4FC737F1-C7A5-4376-A066-2A32D752A2FF}</UniqueIdentifier>
      <Extensions>cpp;c;cc;cxx;c++;cppm;ixx;def;odl;idl;hpj;bat;asm;asmx</Extensions>
    </Filter>
    <Filter Include="Header Files">
      <UniqueIdentifier>{93995380-89BD-4b04-88EB-625FBE52EBFB}</UniqueIdentifier>
      <Extensions>h;hh;hpp;hxx;h++;hm;inl;inc;ipp;xsd</Extensions>
    </Filter>
    <Filter Include="Resource Files">
      <UniqueIdentifier>{67DA6AB6-F800-4c08-8B7A-83BB121AAD01}</UniqueIdentifier>
      <Extensions>rc;ico;cur;bmp;dlg;rc2;rct;bin;rgs;gif;jpg;jpeg;jpe;resx;tiff;tif;png;wav;mfcribbon-ms</Extensions>
    </Filter>
    <Filter Include="Shaders">
      <UniqueIdentifier>{470bf0bd-fd8e-4879-b367-66bfb402a52c}</UniqueIdentifier>
    </Filter>
    <Filter Include="Models">
      <UniqueIdentifier>{e079e619-b389-4190-90f1-6b65483e80be}</UniqueIdentifier>
    </Filter>
  </ItemGroup>
  <ItemGroup>
    <ClCompile Include="Source.cpp">
      <Filter>Source Files</Filter>
    </ClCompile>
    <ClCompile Include="ObjLoader.cpp">
      <Filter>Source Files</Filter>
    </ClCompile>
    <ClCompile Include="GraphicsObject.cpp">
      <Filter>Source Files</Filter>
    </ClCompile>
    <ClCompile Include="Shape.cpp">
      <Filter>Source Files</Filter>
    </ClCompile>
    <ClCompile Include="Light.cpp">
      <Filter>Source Files</Filter>
    </ClCompile>
    <ClCompile Include="Mesh.cpp">
      <Filter>Source Files</Filter>
    </ClCompile>
    <ClCompile Include="Cylinder.cpp">
      <Filter>Source Files</Filter>
    </ClCompile>
    <ClCompile Include="Cube.cpp">
      <Filter>Source Files</Filter>
    </ClCompile>
    <ClCompile Include="Sphere.cpp">
      <Filter>Source Files</Filter>
    </ClCompile>
    <ClCompile Include="Camera.cpp">
      <Filter>Source Files</Filter>
    </ClCompile>
    <ClCompile Include="CameraManager.cpp">
      <Filter>Source Files</Filter>
    </ClCompile>
    <ClCompile Include="InputManager.cpp">
      <Filter>Source Files</Filter>
    </ClCompile>
    <ClCompile Include="Material.cpp">
      <Filter>Source Files</Filter>
    </ClCompile>
    <ClCompile Include="Vertex.cpp">
      <Filter>Source Files</Filter>
    </ClCompile>
    <ClCompile Include="RenderContext.cpp">
      <Filter>Source Files</Filter>
    </ClCompile>
    <ClCompile Include="Texture.cpp">
      <Filter>Source Files</Filter>
    </ClCompile>
    <ClCompile Include="Image.cpp">
      <Filter>Source Files</Filter>
    </ClCompile>
    <ClCompile Include="textureManager.cpp">
      <Filter>Source Files</Filter>
    </ClCompile>
    <ClCompile Include="stb_image.cpp">
      <Filter>Source Files</Filter>
    </ClCompile>
    <ClCompile Include="GraphicsPipelineBuilder.cpp">
      <Filter>Source Files</Filter>
    </ClCompile>
    <ClCompile Include="LightingSystem.cpp">
      <Filter>Source Files</Filter>
    </ClCompile>
    <ClCompile Include="Cubemap.cpp">
      <Filter>Source Files</Filter>
    </ClCompile>
    <ClCompile Include="Terrain.cpp">
      <Filter>Source Files</Filter>
    </ClCompile>
    <ClCompile Include="Cactus.cpp">
      <Filter>Source Files</Filter>
    </ClCompile>
    <ClCompile Include="Candle.cpp">
      <Filter>Source Files</Filter>
    </ClCompile>
    <ClCompile Include="Rock.cpp">
      <Filter>Source Files</Filter>
    </ClCompile>
    <ClCompile Include="Camel.cpp">
      <Filter>Source Files</Filter>
    </ClCompile>
    <ClCompile Include="Particle.cpp">
      <Filter>Source Files</Filter>
    </ClCompile>
    <ClCompile Include="particleSystem.cpp">
      <Filter>Source Files</Filter>
    </ClCompile>
    <ClCompile Include="GlobeScene.cpp">
      <Filter>Source Files</Filter>
    </ClCompile>
    <ClCompile Include="IWorldObject.cpp">
      <Filter>Source Files</Filter>
    </ClCompile>
    <ClCompile Include="configLoader.cpp">
      <Filter>Source Files</Filter>
    </ClCompile>
  </ItemGroup>
  <ItemGroup>
    <CustomBuild Include="shaders\shader.comp">
      <Filter>Shaders</Filter>
    </CustomBuild>
    <CustomBuild Include="shaders\shader.frag">
      <Filter>Shaders</Filter>
    </CustomBuild>
    <CustomBuild Include="shaders\shader.vert">
      <Filter>Shaders</Filter>
    </CustomBuild>
    <CustomBuild Include="shaders\skybox.frag">
      <Filter>Shaders</Filter>
    </CustomBuild>
    <CustomBuild Include="shaders\skybox.vert">
      <Filter>Shaders</Filter>
    </CustomBuild>
    <CustomBuild Include="shaders\transluscent.frag">
      <Filter>Shaders</Filter>
    </CustomBuild>
    <CustomBuild Include="shaders\transluscent.vert">
      <Filter>Shaders</Filter>
    </CustomBuild>
    <CustomBuild Include="shaders\transluscent_outline.frag">
      <Filter>Shaders</Filter>
    </CustomBuild>
    <CustomBuild Include="shaders\transluscent_outline.vert">
      <Filter>Shaders</Filter>
    </CustomBuild>
    <CustomBuild Include="shaders\particle.frag">
      <Filter>Shaders</Filter>
    </CustomBuild>
    <CustomBuild Include="shaders\particle.vert">
      <Filter>Shaders</Filter>
    </CustomBuild>
    <CustomBuild Include="shaders\Gouraud.frag">
      <Filter>Shaders</Filter>
    </CustomBuild>
    <CustomBuild Include="shaders\Gouraud.vert">
      <Filter>Shaders</Filter>
    </CustomBuild>
    <CustomBuild Include="shaders\Phong.vert">
      <Filter>Shaders</Filter>
    </CustomBuild>
    <CustomBuild Include="shaders\Phong.frag">
      <Filter>Shaders</Filter>
    </CustomBuild>
    <CustomBuild Include="shaders\fullscreen.frag">
      <Filter>Shaders</Filter>
    </CustomBuild>
    <CustomBuild Include="shaders\fullscreen.vert">
      <Filter>Shaders</Filter>
    </CustomBuild>
    <CustomBuild Include="shaders\shadow.frag">
      <Filter>Shaders</Filter>
    </CustomBuild>
    <CustomBuild Include="shaders\shadow.vert">
      <Filter>Shaders</Filter>
    </CustomBuild>
    <CustomBuild Include="shaders\mask.frag">
      <Filter>Shaders</Filter>
    </CustomBuild>
  </ItemGroup>
  <ItemGroup>
    <ClInclude Include="ObjLoader.h">
      <Filter>Header Files</Filter>
    </ClInclude>
    <ClInclude Include="GraphicsObject.h">
      <Filter>Header Files</Filter>
    </ClInclude>
    <ClInclude Include="Shape.h">
      <Filter>Header Files</Filter>
    </ClInclude>
    <ClInclude Include="Light.h">
      <Filter>Header Files</Filter>
    </ClInclude>
    <ClInclude Include="Mesh.h">
      <Filter>Header Files</Filter>
    </ClInclude>
    <ClInclude Include="Cylinder.h">
      <Filter>Header Files</Filter>
    </ClInclude>
    <ClInclude Include="Cube.h">
      <Filter>Header Files</Filter>
    </ClInclude>
    <ClInclude Include="Sphere.h">
      <Filter>Header Files</Filter>
    </ClInclude>
    <ClInclude Include="Camera.h">
      <Filter>Header Files</Filter>
    </ClInclude>
    <ClInclude Include="CameraManager.h">
      <Filter>Header Files</Filter>
    </ClInclude>
    <ClInclude Include="InputManager.h">
      <Filter>Header Files</Filter>
    </ClInclude>
    <ClInclude Include="Material.h">
      <Filter>Header Files</Filter>
    </ClInclude>
    <ClInclude Include="Vertex.h">
      <Filter>Header Files</Filter>
    </ClInclude>
    <ClInclude Include="RenderContext.h">
      <Filter>Header Files</Filter>
    </ClInclude>
    <ClInclude Include="Texture.h">
      <Filter>Header Files</Filter>
    </ClInclude>
    <ClInclude Include="Image.h">
      <Filter>Header Files</Filter>
    </ClInclude>
    <ClInclude Include="textureManager.h">
      <Filter>Header Files</Filter>
    </ClInclude>
    <ClInclude Include="GraphicsPipelineBuilder.h">
      <Filter>Header Files</Filter>
    </ClInclude>
    <ClInclude Include="LightingSystem.h">
      <Filter>Header Files</Filter>
    </ClInclude>
    <ClInclude Include="Cubemap.h">
      <Filter>Header Files</Filter>
    </ClInclude>
    <ClInclude Include="Terrain.h">
      <Filter>Header Files</Filter>
    </ClInclude>
    <ClInclude Include="Cactus.h">
      <Filter>Header Files</Filter>
    </ClInclude>
    <ClInclude Include="Candle.h">
      <Filter>Header Files</Filter>
    </ClInclude>
    <ClInclude Include="Rock.h">
      <Filter>Header Files</Filter>
    </ClInclude>
    <ClInclude Include="Camel.h">
      <Filter>Header Files</Filter>
    </ClInclude>
    <ClInclude Include="Particle.h">
      <Filter>Header Files</Filter>
    </ClInclude>
    <ClInclude Include="particleSystem.h">
      <Filter>Header Files</Filter>
    </ClInclude>
    <ClInclude Include="GlobeScene.h">
      <Filter>Header Files</Filter>
    </ClInclude>
    <ClInclude Include="resource.h">
      <Filter>Header Files</Filter>
    </ClInclude>
    <ClInclude Include="IWorldObject.h">
      <Filter>Header Files</Filter>
    </ClInclude>
    <ClInclude Include="configLoader.h">
      <Filter>Header Files</Filter>
    </ClInclude>
  </ItemGroup>
  <ItemGroup>
    <ResourceCompile Include="Vulkan-clean.rc">
      <Filter>Resource Files</Filter>
    </ResourceCompile>
  </ItemGroup>
</Project>